
Microsoft Visual Studio Solution File, Format Version 12.00
# Visual Studio Version 17
VisualStudioVersion = 17.0.31903.59
MinimumVisualStudioVersion = 10.0.40219.1
Project("{FAE04EC0-301F-11D3-BF4B-00C04F79EFBC}") = "Samples.Testcontainers", "Samples.Testcontainers\Samples.Testcontainers.csproj", "{0418B615-C265-4D04-B6AF-4489A7AC32B8}"
EndProject
Project("{FAE04EC0-301F-11D3-BF4B-00C04F79EFBC}") = "Samples.Testcontainers.Tests.Nunit", "Samples.Testcontainers.Tests.Nunit\Samples.Testcontainers.Tests.Nunit.csproj", "{ED0CE98C-D79C-41E4-B6B5-AF02285A4EE8}"
EndProject
Project("{FAE04EC0-301F-11D3-BF4B-00C04F79EFBC}") = "Samples.Testcontainers.Tests.Xunit", "Samples.Testcontainers.Tests.Xunit\Samples.Testcontainers.Tests.Xunit.csproj", "{5DCF31B3-26C0-4631-8B69-136438BF9D1D}"
EndProject
Global
	GlobalSection(SolutionConfigurationPlatforms) = preSolution
		Debug|Any CPU = Debug|Any CPU
		Release|Any CPU = Release|Any CPU
	EndGlobalSection
	GlobalSection(SolutionProperties) = preSolution
		HideSolutionNode = FALSE
	EndGlobalSection
	GlobalSection(ProjectConfigurationPlatforms) = postSolution
		{0418B615-C265-4D04-B6AF-4489A7AC32B8}.Debug|Any CPU.ActiveCfg = Debug|Any CPU
		{0418B615-C265-4D04-B6AF-4489A7AC32B8}.Debug|Any CPU.Build.0 = Debug|Any CPU
		{0418B615-C265-4D04-B6AF-4489A7AC32B8}.Release|Any CPU.ActiveCfg = Release|Any CPU
		{0418B615-C265-4D04-B6AF-4489A7AC32B8}.Release|Any CPU.Build.0 = Release|Any CPU
		{ED0CE98C-D79C-41E4-B6B5-AF02285A4EE8}.Debug|Any CPU.ActiveCfg = Debug|Any CPU
		{ED0CE98C-D79C-41E4-B6B5-AF02285A4EE8}.Debug|Any CPU.Build.0 = Debug|Any CPU
		{ED0CE98C-D79C-41E4-B6B5-AF02285A4EE8}.Release|Any CPU.ActiveCfg = Release|Any CPU
		{ED0CE98C-D79C-41E4-B6B5-AF02285A4EE8}.Release|Any CPU.Build.0 = Release|Any CPU
		{5DCF31B3-26C0-4631-8B69-136438BF9D1D}.Debug|Any CPU.ActiveCfg = Debug|Any CPU
		{5DCF31B3-26C0-4631-8B69-136438BF9D1D}.Debug|Any CPU.Build.0 = Debug|Any CPU
		{5DCF31B3-26C0-4631-8B69-136438BF9D1D}.Release|Any CPU.ActiveCfg = Release|Any CPU
		{5DCF31B3-26C0-4631-8B69-136438BF9D1D}.Release|Any CPU.Build.0 = Release|Any CPU
	EndGlobalSection
EndGlobal
